version: 7
platforms:
- name: osx-64
environments:
  default:
    channels:
    - url: https://conda.anaconda.org/conda-forge/
    - url: https://conda.anaconda.org/bioconda/
    indexes:
    - https://pypi.org/simple
    packages:
      osx-64:
      - conda: https://conda.anaconda.org/bioconda/noarch/nextflow-25.10.4-h2a3209d_0.conda
      - conda: https://conda.anaconda.org/conda-forge/noarch/ca-certificates-2026.5.20-hbd8a1cb_0.conda
      - conda: https://conda.anaconda.org/conda-forge/noarch/setuptools-81.0.0-pyh332efcf_0.conda
      - conda: https://conda.anaconda.org/conda-forge/noarch/tzdata-2025c-hc9c84f9_1.conda
      - conda: https://conda.anaconda.org/conda-forge/osx-64/bzip2-1.0.8-h500dc9f_9.conda
      - conda: https://conda.anaconda.org/conda-forge/osx-64/c-ares-1.34.6-hb5e19a0_0.conda
      - conda: https://conda.anaconda.org/conda-forge/osx-64/coreutils-9.5-h10d778d_0.conda
      - conda: https://conda.anaconda.org/conda-forge/osx-64/curl-8.20.0-h8f0b9e4_0.conda
      - conda: https://conda.anaconda.org/conda-forge/osx-64/icu-78.3-h25d91c4_0.conda
      - conda: https://conda.anaconda.org/conda-forge/osx-64/krb5-1.22.2-h207b36a_0.conda
      - conda: https://conda.anaconda.org/conda-forge/osx-64/libcurl-8.20.0-h8f0b9e4_0.conda
      - conda: https://conda.anaconda.org/conda-forge/osx-64/libcxx-22.1.6-h19cb2f5_0.conda
      - conda: https://conda.anaconda.org/conda-forge/osx-64/libedit-3.1.20250104-pl5321ha958ccf_0.conda
      - conda: https://conda.anaconda.org/conda-forge/osx-64/libev-4.33-h10d778d_2.conda
      - conda: https://conda.anaconda.org/conda-forge/osx-64/libexpat-2.8.1-hcc62823_0.conda
      - conda: https://conda.anaconda.org/conda-forge/osx-64/libffi-3.5.2-hd1f9c09_0.conda
      - conda: https://conda.anaconda.org/conda-forge/osx-64/liblzma-5.8.3-hbb4bfdb_0.conda
      - conda: https://conda.anaconda.org/conda-forge/osx-64/libnghttp2-1.68.1-h70048d4_0.conda
      - conda: https://conda.anaconda.org/conda-forge/osx-64/libsqlite-3.53.1-h8f8c405_0.conda
      - conda: https://conda.anaconda.org/conda-forge/osx-64/libssh2-1.11.1-hed3591d_0.conda
      - conda: https://conda.anaconda.org/conda-forge/osx-64/libzlib-1.3.2-hbb4bfdb_2.conda
      - conda: https://conda.anaconda.org/conda-forge/osx-64/ncurses-6.6-hcc0dc9a_0.conda
      - conda: https://conda.anaconda.org/conda-forge/osx-64/openjdk-23.0.2-h18c9476_2.conda
      - conda: https://conda.anaconda.org/conda-forge/osx-64/openssl-3.6.2-hc881268_0.conda
      - conda: https://conda.anaconda.org/conda-forge/osx-64/python-3.11.15-ha9537fe_0_cpython.conda
      - conda: https://conda.anaconda.org/conda-forge/osx-64/readline-8.3-h68b038d_0.conda
      - conda: https://conda.anaconda.org/conda-forge/osx-64/tk-8.6.13-h7142dee_3.conda
      - conda: https://conda.anaconda.org/conda-forge/osx-64/zstd-1.5.7-h3eecb57_6.conda
      - pypi: https://files.pythonhosted.org/packages/04/96/92447566d16df59b2a776c0fb82dbc4d9e07cd95062562af01e408583fc4/itsdangerous-2.2.0-py3-none-any.whl
      - pypi: https://files.pythonhosted.org/packages/08/db/fefacb2136439fc8dd20e797950e749aa1f4997ed584c62cfb8ef7c2be0e/markupsafe-3.0.3-cp311-cp311-macosx_10_9_x86_64.whl
      - pypi: https://files.pythonhosted.org/packages/11/57/baae43d14fe163fa0e4c47f307b6b2511ab8d7d30177c491960504252053/numpy-1.26.4-cp311-cp311-macosx_10_9_x86_64.whl
      - pypi: https://files.pythonhosted.org/packages/1e/73/51137805d1b8d97367a8a77cae4a792af14bb7ce58fbd071af294c740cf0/Werkzeug-2.0.2-py3-none-any.whl
      - pypi: https://files.pythonhosted.org/packages/26/bc/083c0ebee316f4863ed288c4a5eaa1e98be115e82deb8855da8bab1c7701/backports_zstd-1.5.0-cp311-cp311-macosx_10_9_x86_64.whl
      - pypi: https://files.pythonhosted.org/packages/3a/1c/90161ed3491cef32b86dac8da297e01488bfcc84ae4acb6642076869c9ca/dash_bootstrap_components-0.11.3-py2.py3-none-any.whl
      - pypi: https://files.pythonhosted.org/packages/4c/0f/fe51e0b2301bbd429af44273a923ff92127b18d13abba5ae5a1d60e8e497/flask_compress-1.24-py3-none-any.whl
      - pypi: https://files.pythonhosted.org/packages/50/62/a3b77593587010c789a9d6eaa527c79e0848b7b860402cc64bc0bc28a86c/brotli-1.2.0-cp311-cp311-macosx_10_9_x86_64.whl
      - pypi: https://files.pythonhosted.org/packages/5f/d3/d661a68b4ce71498d5c0c79617bce3d5fc884d4448c698f77c2247cd1b46/dash_renderer-1.9.1.tar.gz
      - pypi: https://files.pythonhosted.org/packages/62/a1/3d680cbfd5f4b8f15abc1d571870c5fc3e594bb582bc3b64ea099db13e56/jinja2-3.1.6-py3-none-any.whl
      - pypi: https://files.pythonhosted.org/packages/8f/ca/7eeca4cae4e15cc6f7d0bc41a46368dd3fcdddc72aaa5bac61a8b92d541c/dash_html_components-1.1.3.tar.gz
      - pypi: https://files.pythonhosted.org/packages/97/f7/f4969a926f20a55d3e5970d01b85ff9ad510dba32de189e72dd8f4992740/dash_table-4.11.3.tar.gz
      - pypi: https://files.pythonhosted.org/packages/af/6a/00d144ac1626fbb44c4ff36519712e258128985a5d0ae43344778ae5cbb9/Flask-2.1.3-py3-none-any.whl
      - pypi: https://files.pythonhosted.org/packages/bd/63/f8fe759cfe4fa8075f77581af5dad632cea8578881c843c679c103c34815/Flask_Caching-1.10.1-py3-none-any.whl
      - pypi: https://files.pythonhosted.org/packages/c7/0d/67e5b4109ea4a837e80daa87c2c696711955e40449a97e8926672534def2/click-8.4.1-py3-none-any.whl
      - pypi: https://files.pythonhosted.org/packages/d4/50/e7c2830168db186f84b7de2988543e974433a6cdb0a0b23d51c781e2b2ab/dash-1.20.0.tar.gz
      - pypi: https://files.pythonhosted.org/packages/d7/c1/eb8f9debc45d3b7918a32ab756658a0904732f75e555402972246b0b8e71/tenacity-9.1.4-py3-none-any.whl
      - pypi: https://files.pythonhosted.org/packages/da/71/ae30dadffc90b9006d77af76b393cb9dfbfc9629f339fc1574a1c52e6806/future-1.0.0-py3-none-any.whl
      - pypi: https://files.pythonhosted.org/packages/df/b2/87e62e8c3e2f4b32e5fe99e0b86d576da1312593b39f47d8ceef365e95ed/packaging-26.2-py3-none-any.whl
      - pypi: https://files.pythonhosted.org/packages/e4/dd/5b190393e6066286773a67dfcc2f9492058e9b57c4867a95f1ba5caf0a83/gunicorn-20.1.0-py3-none-any.whl
      - pypi: https://files.pythonhosted.org/packages/e5/ae/580600f441f6fc05218bd6c9d5794f4aef072a7d9093b291f1c50a9db8bc/plotly-5.24.1-py3-none-any.whl
      - pypi: https://files.pythonhosted.org/packages/f4/79/434e14d77dbf82b27f98df077936a424de254059d47152b0445b7116e97e/dash_core_components-1.16.0.tar.gz
packages:
- conda: https://conda.anaconda.org/bioconda/noarch/nextflow-25.10.4-h2a3209d_0.conda
  sha256: 26917ebbec4133e8d15a6557e3234a976573e46fafda62a28d37d6916d7ad9f9
  md5: 1fc010bbb636e291ca5812bc1a53917b
  depends:
  - coreutils
  - curl
  - openjdk >=17,<=24
  license: Apache-2.0
  purls: []
  size: 34829682
  timestamp: 1770744718359
- conda: https://conda.anaconda.org/conda-forge/noarch/ca-certificates-2026.5.20-hbd8a1cb_0.conda
  sha256: 9812a303a1395e1dafbd92e5bc8a1ff6013bcbba0a09c7f03a8d23e43560aa9b
  md5: 489b8e97e666c93f68fdb35c3c9b957f
  depends:
  - __unix
  license: ISC
  purls: []
  size: 129868
  timestamp: 1779289852439
- conda: https://conda.anaconda.org/conda-forge/noarch/setuptools-81.0.0-pyh332efcf_0.conda
  sha256: 6ecf738d5590bf228f09c4ecd1ea91d811f8e0bd9acdef341bc4d6c36beb13a3
  md5: d629a398d7bf872f9ed7b27ab959de15
  depends:
  - python >=3.10
  license: MIT
  license_family: MIT
  purls:
  - pkg:pypi/setuptools?source=hash-mapping
  size: 676888
  timestamp: 1770456470072
- conda: https://conda.anaconda.org/conda-forge/noarch/tzdata-2025c-hc9c84f9_1.conda
  sha256: 1d30098909076af33a35017eed6f2953af1c769e273a0626a04722ac4acaba3c
  md5: ad659d0a2b3e47e38d829aa8cad2d610
  license: LicenseRef-Public-Domain
  purls: []
  size: 119135
  timestamp: 1767016325805
- conda: https://conda.anaconda.org/conda-forge/osx-64/bzip2-1.0.8-h500dc9f_9.conda
  sha256: 9f242f13537ef1ce195f93f0cc162965d6cc79da578568d6d8e50f70dd025c42
  md5: 4173ac3b19ec0a4f400b4f782910368b
  depends:
  - __osx >=10.13
  license: bzip2-1.0.6
  license_family: BSD
  purls: []
  size: 133427
  timestamp: 1771350680709
- conda: https://conda.anaconda.org/conda-forge/osx-64/c-ares-1.34.6-hb5e19a0_0.conda
  sha256: 2f5bc0292d595399df0d168355b4e9820affc8036792d6984bd751fdda2bcaea
  md5: fc9a153c57c9f070bebaa7eef30a8f17
  depends:
  - __osx >=10.13
  license: MIT
  license_family: MIT
  purls: []
  size: 186122
  timestamp: 1765215100384
- conda: https://conda.anaconda.org/conda-forge/osx-64/coreutils-9.5-h10d778d_0.conda
  sha256: 7a29ae82cf1c455b4956c8311ae97832460c3585f0d8789fd82161dd2a20d1fd
  md5: 8332c7ae324c9fc4b22cc3d84a0582e8
  license: GPL-3.0-or-later
  license_family: GPL
  purls: []
  size: 1374585
  timestamp: 1711655512907
- conda: https://conda.anaconda.org/conda-forge/osx-64/curl-8.20.0-h8f0b9e4_0.conda
  sha256: caba0869bb0d18de3ce8eeda0ae4a0b988ff907faa9b5d94aea38d703d09413d
  md5: af6b1246193c8db5da3c91594336293b
  depends:
  - __osx >=11.0
  - krb5 >=1.22.2,<1.23.0a0
  - libcurl 8.20.0 h8f0b9e4_0
  - libssh2 >=1.11.1,<2.0a0
  - libzlib >=1.3.2,<2.0a0
  - openssl >=3.5.6,<4.0a0
  - zstd >=1.5.7,<1.6.0a0
  license: curl
  license_family: MIT
  purls: []
  size: 182564
  timestamp: 1777462268628
- conda: https://conda.anaconda.org/conda-forge/osx-64/icu-78.3-h25d91c4_0.conda
  sha256: 1294117122d55246bb83ad5b589e2a031aacdf2d0b1f99fd338aa4394f881735
  md5: 627eca44e62e2b665eeec57a984a7f00
  depends:
  - __osx >=11.0
  license: MIT
  license_family: MIT
  purls: []
  size: 12273764
  timestamp: 1773822733780
- conda: https://conda.anaconda.org/conda-forge/osx-64/krb5-1.22.2-h207b36a_0.conda
  sha256: df009385e8262c234c0dae9016540b86dad3d299f0d9366d08e327e8e7731634
  md5: e66e2c52d2fdddcf314ad750fb4ebb4a
  depends:
  - __osx >=10.13
  - libcxx >=19
  - libedit >=3.1.20250104,<3.2.0a0
  - libedit >=3.1.20250104,<4.0a0
  - openssl >=3.5.5,<4.0a0
  license: MIT
  license_family: MIT
  purls: []
  size: 1193620
  timestamp: 1769770267475
- conda: https://conda.anaconda.org/conda-forge/osx-64/libcurl-8.20.0-h8f0b9e4_0.conda
  sha256: 5d3d8a82ca43347e96f1d79048921f3a7c25e32514bc7feb53ed2a040dcca54d
  md5: 4a0085ccf90dc514f0fc0909a874045e
  depends:
  - __osx >=11.0
  - krb5 >=1.22.2,<1.23.0a0
  - libnghttp2 >=1.68.1,<2.0a0
  - libssh2 >=1.11.1,<2.0a0
  - libzlib >=1.3.2,<2.0a0
  - openssl >=3.5.6,<4.0a0
  - zstd >=1.5.7,<1.6.0a0
  license: curl
  license_family: MIT
  purls: []
  size: 419676
  timestamp: 1777462238769
- conda: https://conda.anaconda.org/conda-forge/osx-64/libcxx-22.1.6-h19cb2f5_0.conda
  sha256: 6d60efb63fe4d0299526fcb26e06de1933de55c36fc2ae5a1478f1aa734604bb
  md5: fa1bbb55bfda7a8a022d508fb03f1625
  depends:
  - __osx >=11.0
  license: Apache-2.0 WITH LLVM-exception
  license_family: Apache
  purls: []
  size: 565211
  timestamp: 1779253305906
- conda: https://conda.anaconda.org/conda-forge/osx-64/libedit-3.1.20250104-pl5321ha958ccf_0.conda
  sha256: 6cc49785940a99e6a6b8c6edbb15f44c2dd6c789d9c283e5ee7bdfedd50b4cd6
  md5: 1f4ed31220402fcddc083b4bff406868
  depends:
  - ncurses
  - __osx >=10.13
  - ncurses >=6.5,<7.0a0
  license: BSD-2-Clause
  license_family: BSD
  purls: []
  size: 115563
  timestamp: 1738479554273
- conda: https://conda.anaconda.org/conda-forge/osx-64/libev-4.33-h10d778d_2.conda
  sha256: 0d238488564a7992942aa165ff994eca540f687753b4f0998b29b4e4d030ff43
  md5: 899db79329439820b7e8f8de41bca902
  license: BSD-2-Clause
  license_family: BSD
  purls: []
  size: 106663
  timestamp: 1702146352558
- conda: https://conda.anaconda.org/conda-forge/osx-64/libexpat-2.8.1-hcc62823_0.conda
  sha256: 460afe7ba0882e6d2fcc0ad1568dce27025110ec09c2b9ce9e3b49d61e52ce6b
  md5: f95dc08366f2a452005062b5bcceac51
  depends:
  - __osx >=11.0
  constrains:
  - expat 2.8.1.*
  license: MIT
  license_family: MIT
  purls: []
  size: 75654
  timestamp: 1779279058576
- conda: https://conda.anaconda.org/conda-forge/osx-64/libffi-3.5.2-hd1f9c09_0.conda
  sha256: 951958d1792238006fdc6fce7f71f1b559534743b26cc1333497d46e5903a2d6
  md5: 66a0dc7464927d0853b590b6f53ba3ea
  depends:
  - __osx >=10.13
  license: MIT
  license_family: MIT
  purls: []
  size: 53583
  timestamp: 1769456300951
- conda: https://conda.anaconda.org/conda-forge/osx-64/liblzma-5.8.3-hbb4bfdb_0.conda
  sha256: d9e2006051529aec5578c6efeb13bb6a7200a014b2d5a77a579e83a8049d5f3c
  md5: becdfbfe7049fa248e52aa37a9df09e2
  depends:
  - __osx >=11.0
  constrains:
  - xz 5.8.3.*
  license: 0BSD
  purls: []
  size: 105724
  timestamp: 1775826029494
- conda: https://conda.anaconda.org/conda-forge/osx-64/libnghttp2-1.68.1-h70048d4_0.conda
  sha256: 899551e16aac9dfb85bfc2fd98b655f4d1b7fea45720ec04ccb93d95b4d24798
  md5: dba4c95e2fe24adcae4b77ebf33559ae
  depends:
  - __osx >=11.0
  - c-ares >=1.34.6,<2.0a0
  - libcxx >=19
  - libev >=4.33,<4.34.0a0
  - libev >=4.33,<5.0a0
  - libzlib >=1.3.1,<2.0a0
  - openssl >=3.5.5,<4.0a0
  license: MIT
  license_family: MIT
  purls: []
  size: 606749
  timestamp: 1773854765508
- conda: https://conda.anaconda.org/conda-forge/osx-64/libsqlite-3.53.1-h8f8c405_0.conda
  sha256: 5e964e07a14180ce20decfd4897e8f81d48ec78c1cbf4af85c5520f535d9510c
  md5: 9273c877f78b7486b0dfdd9268327a79
  depends:
  - __osx >=11.0
  - icu >=78.3,<79.0a0
  - libzlib >=1.3.2,<2.0a0
  license: blessing
  purls: []
  size: 1007171
  timestamp: 1777987093870
- conda: https://conda.anaconda.org/conda-forge/osx-64/libssh2-1.11.1-hed3591d_0.conda
  sha256: 00654ba9e5f73aa1f75c1f69db34a19029e970a4aeb0fa8615934d8e9c369c3c
  md5: a6cb15db1c2dc4d3a5f6cf3772e09e81
  depends:
  - __osx >=10.13
  - libzlib >=1.3.1,<2.0a0
  - openssl >=3.5.0,<4.0a0
  license: BSD-3-Clause
  license_family: BSD
  purls: []
  size: 284216
  timestamp: 1745608575796
- conda: https://conda.anaconda.org/conda-forge/osx-64/libzlib-1.3.2-hbb4bfdb_2.conda
  sha256: 4c6da089952b2d70150c74234679d6f7ac04f4a98f9432dec724968f912691e7
  md5: 30439ff30578e504ee5e0b390afc8c65
  depends:
  - __osx >=11.0
  constrains:
  - zlib 1.3.2 *_2
  license: Zlib
  license_family: Other
  purls: []
  size: 59000
  timestamp: 1774073052242
- conda: https://conda.anaconda.org/conda-forge/osx-64/ncurses-6.6-hcc0dc9a_0.conda
  sha256: f5f7e006ff4271305ab4cc08eedd855c67a571793c3d18aff73f645f088a8cae
  md5: 31b8740cf1b2588d4e61c81191004061
  depends:
  - __osx >=11.0
  license: X11 AND BSD-3-Clause
  purls: []
  size: 831711
  timestamp: 1777423052277
- conda: https://conda.anaconda.org/conda-forge/osx-64/openjdk-23.0.2-h18c9476_2.conda
  sha256: 00a2381baecf707b4cb6ed74c4d91ede955e8f6f859e7caba35aa11720af8dd6
  md5: e8b746e8947c0dab5aeb7a26b8bce2ad
  depends:
  - libzlib >=1.3.1,<2.0a0
  license: GPL-2.0-or-later WITH Classpath-exception-2.0
  license_family: GPL
  purls: []
  size: 185314361
  timestamp: 1743198593451
- conda: https://conda.anaconda.org/conda-forge/osx-64/openssl-3.6.2-hc881268_0.conda
  sha256: 334fd49ea31b99114f5afb1ec44555dc8c90640648302a4f8f838ee345d1ec50
  md5: 5cf0ece4375c73d7a5765e83565a69c7
  depends:
  - __osx >=11.0
  - ca-certificates
  license: Apache-2.0
  license_family: Apache
  purls: []
  size: 2776564
  timestamp: 1775589970694
- conda: https://conda.anaconda.org/conda-forge/osx-64/python-3.11.15-ha9537fe_0_cpython.conda
  sha256: e02e12cd8d391f18bb3bf91d07e16b993592ec0d76ee37cf639390b766e0e687
  md5: 93b802a91de90b2c17b808608726bf45
  depends:
  - __osx >=11.0
  - bzip2 >=1.0.8,<2.0a0
  - libexpat >=2.7.4,<3.0a0
  - libffi >=3.5.2,<3.6.0a0
  - liblzma >=5.8.2,<6.0a0
  - libsqlite >=3.51.2,<4.0a0
  - libzlib >=1.3.1,<2.0a0
  - ncurses >=6.5,<7.0a0
  - openssl >=3.5.5,<4.0a0
  - readline >=8.3,<9.0a0
  - tk >=8.6.13,<8.7.0a0
  - tzdata
  constrains:
  - python_abi 3.11.* *_cp311
  license: Python-2.0
  purls: []
  size: 15664115
  timestamp: 1772730794934
- conda: https://conda.anaconda.org/conda-forge/osx-64/readline-8.3-h68b038d_0.conda
  sha256: 4614af680aa0920e82b953fece85a03007e0719c3399f13d7de64176874b80d5
  md5: eefd65452dfe7cce476a519bece46704
  depends:
  - __osx >=10.13
  - ncurses >=6.5,<7.0a0
  license: GPL-3.0-only
  license_family: GPL
  purls: []
  size: 317819
  timestamp: 1765813692798
- conda: https://conda.anaconda.org/conda-forge/osx-64/tk-8.6.13-h7142dee_3.conda
  sha256: 7f0d9c320288532873e2d8486c331ec6d87919c9028208d3f6ac91dc8f99a67b
  md5: 6e6efb7463f8cef69dbcb4c2205bf60e
  depends:
  - __osx >=10.13
  - libzlib >=1.3.1,<2.0a0
  license: TCL
  license_family: BSD
  purls: []
  size: 3282953
  timestamp: 1769460532442
- conda: https://conda.anaconda.org/conda-forge/osx-64/zstd-1.5.7-h3eecb57_6.conda
  sha256: 47101a4055a70a4876ffc87b750ab2287b67eca793f21c8224be5e1ee6394d3f
  md5: 727109b184d680772e3122f40136d5ca
  depends:
  - __osx >=10.13
  - libzlib >=1.3.1,<2.0a0
  license: BSD-3-Clause
  license_family: BSD
  purls: []
  size: 528148
  timestamp: 1764777156963
- pypi: https://files.pythonhosted.org/packages/04/96/92447566d16df59b2a776c0fb82dbc4d9e07cd95062562af01e408583fc4/itsdangerous-2.2.0-py3-none-any.whl
  name: itsdangerous
  version: 2.2.0
  sha256: c6242fc49e35958c8b15141343aa660db5fc54d4f13a1db01a3f5891b98700ef
  requires_python: '>=3.8'
- pypi: https://files.pythonhosted.org/packages/08/db/fefacb2136439fc8dd20e797950e749aa1f4997ed584c62cfb8ef7c2be0e/markupsafe-3.0.3-cp311-cp311-macosx_10_9_x86_64.whl
  name: markupsafe
  version: 3.0.3
  sha256: 1cc7ea17a6824959616c525620e387f6dd30fec8cb44f649e31712db02123dad
  requires_python: '>=3.9'
- pypi: https://files.pythonhosted.org/packages/11/57/baae43d14fe163fa0e4c47f307b6b2511ab8d7d30177c491960504252053/numpy-1.26.4-cp311-cp311-macosx_10_9_x86_64.whl
  name: numpy
  version: 1.26.4
  sha256: 4c66707fabe114439db9068ee468c26bbdf909cac0fb58686a42a24de1760c71
  requires_python: '>=3.9'
- pypi: https://files.pythonhosted.org/packages/1e/73/51137805d1b8d97367a8a77cae4a792af14bb7ce58fbd071af294c740cf0/Werkzeug-2.0.2-py3-none-any.whl
  name: werkzeug
  version: 2.0.2
  sha256: 63d3dc1cf60e7b7e35e97fa9861f7397283b75d765afcaefd993d6046899de8f
  requires_dist:
  - dataclasses ; python_full_version < '3.7'
  - watchdog ; extra == 'watchdog'
  requires_python: '>=3.6'
- pypi: https://files.pythonhosted.org/packages/26/bc/083c0ebee316f4863ed288c4a5eaa1e98be115e82deb8855da8bab1c7701/backports_zstd-1.5.0-cp311-cp311-macosx_10_9_x86_64.whl
  name: backports-zstd
  version: 1.5.0
  sha256: fbaa5502617dc4f04327c7a2951f0fcdca7aaef93ddf32c15dc8b620208174fa
  requires_python: '>=3.10,<3.14'
- pypi: https://files.pythonhosted.org/packages/3a/1c/90161ed3491cef32b86dac8da297e01488bfcc84ae4acb6642076869c9ca/dash_bootstrap_components-0.11.3-py2.py3-none-any.whl
  name: dash-bootstrap-components
  version: 0.11.3
  sha256: db7e7d5b1031073d088785295a56efdd515af14a9f485504b804af66a8098072
  requires_dist:
  - dash>=1.9.0
  - numpy ; extra == 'pandas'
  - pandas ; extra == 'pandas'
  requires_python: '>=2.7,!=3.0.*,!=3.1.*,!=3.2.*,!=3.3.*,!=3.4.*,<4'
- pypi: https://files.pythonhosted.org/packages/4c/0f/fe51e0b2301bbd429af44273a923ff92127b18d13abba5ae5a1d60e8e497/flask_compress-1.24-py3-none-any.whl
  name: flask-compress
  version: '1.24'
  sha256: 1e63668eb6e3242bd4f6ad98825a924e3984409be90c125477893d586007d00c
  requires_dist:
  - flask
  - brotli ; platform_python_implementation != 'PyPy'
  - brotlicffi ; platform_python_implementation == 'PyPy'
  - backports-zstd ; python_full_version < '3.14'
  requires_python: '>=3.9'
- pypi: https://files.pythonhosted.org/packages/50/62/a3b77593587010c789a9d6eaa527c79e0848b7b860402cc64bc0bc28a86c/brotli-1.2.0-cp311-cp311-macosx_10_9_x86_64.whl
  name: brotli
  version: 1.2.0
  sha256: 898be2be399c221d2671d29eed26b6b2713a02c2119168ed914e7d00ceadb56f
- pypi: https://files.pythonhosted.org/packages/5f/d3/d661a68b4ce71498d5c0c79617bce3d5fc884d4448c698f77c2247cd1b46/dash_renderer-1.9.1.tar.gz
  name: dash-renderer
  version: 1.9.1
  sha256: 73a69e3d145880e68e42723ad10182251d92b44f3efe92b8763145cfd2158e7e
- pypi: https://files.pythonhosted.org/packages/62/a1/3d680cbfd5f4b8f15abc1d571870c5fc3e594bb582bc3b64ea099db13e56/jinja2-3.1.6-py3-none-any.whl
  name: jinja2
  version: 3.1.6
  sha256: 85ece4451f492d0c13c5dd7c13a64681a86afae63a5f347908daf103ce6d2f67
  requires_dist:
  - markupsafe>=2.0
  - babel>=2.7 ; extra == 'i18n'
  requires_python: '>=3.7'
- pypi: https://files.pythonhosted.org/packages/8f/ca/7eeca4cae4e15cc6f7d0bc41a46368dd3fcdddc72aaa5bac61a8b92d541c/dash_html_components-1.1.3.tar.gz
  name: dash-html-components
  version: 1.1.3
  sha256: 88adb77a674d5d7d0835d71c469f6e7b4aa692f9673808a474d244b71863c58a
- pypi: https://files.pythonhosted.org/packages/97/f7/f4969a926f20a55d3e5970d01b85ff9ad510dba32de189e72dd8f4992740/dash_table-4.11.3.tar.gz
  name: dash-table
  version: 4.11.3
  sha256: 0a4f22a5cf5120882a252a3348fc15ef45a1b75bf900934783e338aceac52f56
- pypi: https://files.pythonhosted.org/packages/af/6a/00d144ac1626fbb44c4ff36519712e258128985a5d0ae43344778ae5cbb9/Flask-2.1.3-py3-none-any.whl
  name: flask
  version: 2.1.3
  sha256: 9013281a7402ad527f8fd56375164f3aa021ecfaff89bfe3825346c24f87e04c
  requires_dist:
  - werkzeug>=2.0
  - jinja2>=3.0
  - itsdangerous>=2.0
  - click>=8.0
  - importlib-metadata>=3.6.0 ; python_full_version < '3.10'
  - asgiref>=3.2 ; extra == 'async'
  - python-dotenv ; extra == 'dotenv'
  requires_python: '>=3.7'
- pypi: https://files.pythonhosted.org/packages/bd/63/f8fe759cfe4fa8075f77581af5dad632cea8578881c843c679c103c34815/Flask_Caching-1.10.1-py3-none-any.whl
  name: flask-caching
  version: 1.10.1
  sha256: bcda8acbc7508e31e50f63e9b1ab83185b446f6b6318bd9dd1d45626fba2e903
  requires_dist:
  - flask
  requires_python: '>=3.5'
- pypi: https://files.pythonhosted.org/packages/c7/0d/67e5b4109ea4a837e80daa87c2c696711955e40449a97e8926672534def2/click-8.4.1-py3-none-any.whl
  name: click
  version: 8.4.1
  sha256: 482be17c6991b8c19c5429a1e995d9b0efdbb63172824c41f99965dc0ade8ec2
  requires_dist:
  - colorama ; sys_platform == 'win32'
  requires_python: '>=3.10'
- pypi: https://files.pythonhosted.org/packages/d4/50/e7c2830168db186f84b7de2988543e974433a6cdb0a0b23d51c781e2b2ab/dash-1.20.0.tar.gz
  name: dash
  version: 1.20.0
  sha256: 127c16f71d3c8345dd29ab2aed099330aafd6d558734bec5bbcccadd0a7e6b29
  requires_dist:
  - flask>=1.0.4
  - flask-compress
  - plotly
  - dash-renderer==1.9.1
  - dash-core-components==1.16.0
  - dash-html-components==1.1.3
  - dash-table==4.11.3
  - future
  - dash-flow-example==0.0.5 ; extra == 'dev'
  - dash-dangerously-set-inner-html ; extra == 'dev'
  - isort==4.3.21 ; python_full_version < '3.7' and extra == 'dev'
  - mock==4.0.3 ; python_full_version >= '3' and extra == 'dev'
  - mock==3.0.5 ; python_full_version == '2.7.*' and extra == 'dev'
  - flake8==3.8.4 ; extra == 'dev'
  - pyyaml==5.3.1 ; extra == 'dev'
  - pylint==1.9.5 ; python_full_version < '3.7' and extra == 'dev'
  - pylint==2.6.0 ; python_full_version >= '3.7' and extra == 'dev'
  - astroid==2.4.2 ; python_full_version >= '3.7' and extra == 'dev'
  - black==19.10b0 ; python_full_version >= '3' and extra == 'dev'
  - virtualenv==20.2.2 ; python_full_version == '2.7.*' and extra == 'dev'
  - fire==0.3.1 ; extra == 'dev'
  - coloredlogs==15.0 ; extra == 'dev'
  - flask-talisman==0.7.0 ; extra == 'dev'
  - pytest>=6.0.2 ; python_full_version >= '3' and extra == 'testing'
  - pytest>=4.6,<5 ; python_full_version == '2.7.*' and extra == 'testing'
  - pytest-sugar>=0.9.4 ; extra == 'testing'
  - pytest-mock>=3.2.0 ; python_full_version >= '3' and extra == 'testing'
  - pytest-mock>=2.0.0,<3 ; python_full_version == '2.7.*' and extra == 'testing'
  - lxml>=4.6.2 ; extra == 'testing'
  - selenium>=3.141.0 ; extra == 'testing'
  - percy>=2.0.2 ; extra == 'testing'
  - cryptography<3.4 ; python_full_version < '3.7' and extra == 'testing'
  - requests[security]>=2.21.0 ; extra == 'testing'
  - beautifulsoup4>=4.8.2,<=4.9.3 ; python_full_version == '2.7.*' and extra == 'testing'
  - beautifulsoup4>=4.8.2 ; python_full_version >= '3' and extra == 'testing'
  - waitress>=1.4.4 ; extra == 'testing'
  requires_python: '>=2.7,!=3.0.*,!=3.1.*,!=3.2.*'
- pypi: https://files.pythonhosted.org/packages/d7/c1/eb8f9debc45d3b7918a32ab756658a0904732f75e555402972246b0b8e71/tenacity-9.1.4-py3-none-any.whl
  name: tenacity
  version: 9.1.4
  sha256: 6095a360c919085f28c6527de529e76a06ad89b23659fa881ae0649b867a9d55
  requires_dist:
  - reno ; extra == 'doc'
  - sphinx ; extra == 'doc'
  - pytest ; extra == 'test'
  - tornado>=4.5 ; extra == 'test'
  - typeguard ; extra == 'test'
  requires_python: '>=3.10'
- pypi: https://files.pythonhosted.org/packages/da/71/ae30dadffc90b9006d77af76b393cb9dfbfc9629f339fc1574a1c52e6806/future-1.0.0-py3-none-any.whl
  name: future
  version: 1.0.0
  sha256: 929292d34f5872e70396626ef385ec22355a1fae8ad29e1a734c3e43f9fbc216
  requires_python: '>=2.6,!=3.0.*,!=3.1.*,!=3.2.*'
- pypi: https://files.pythonhosted.org/packages/df/b2/87e62e8c3e2f4b32e5fe99e0b86d576da1312593b39f47d8ceef365e95ed/packaging-26.2-py3-none-any.whl
  name: packaging
  version: '26.2'
  sha256: 5fc45236b9446107ff2415ce77c807cee2862cb6fac22b8a73826d0693b0980e
  requires_python: '>=3.8'
- pypi: https://files.pythonhosted.org/packages/e4/dd/5b190393e6066286773a67dfcc2f9492058e9b57c4867a95f1ba5caf0a83/gunicorn-20.1.0-py3-none-any.whl
  name: gunicorn
  version: 20.1.0
  sha256: 9dcc4547dbb1cb284accfb15ab5667a0e5d1881cc443e0677b4882a4067a807e
  requires_dist:
  - setuptools>=3.0
  - eventlet>=0.24.1 ; extra == 'eventlet'
  - gevent>=1.4.0 ; extra == 'gevent'
  - setproctitle ; extra == 'setproctitle'
  - tornado>=0.2 ; extra == 'tornado'
  requires_python: '>=3.5'
- pypi: https://files.pythonhosted.org/packages/e5/ae/580600f441f6fc05218bd6c9d5794f4aef072a7d9093b291f1c50a9db8bc/plotly-5.24.1-py3-none-any.whl
  name: plotly
  version: 5.24.1
  sha256: f67073a1e637eb0dc3e46324d9d51e2fe76e9727c892dde64ddf1e1b51f29089
  requires_dist:
  - tenacity>=6.2.0
  - packaging
  requires_python: '>=3.8'
- pypi: https://files.pythonhosted.org/packages/f4/79/434e14d77dbf82b27f98df077936a424de254059d47152b0445b7116e97e/dash_core_components-1.16.0.tar.gz
  name: dash-core-components
  version: 1.16.0
  sha256: e8cdfaf3580577670bb2d1c3168efa06f5a7b439fbe5527cfaefa3e32394542f
