version = 1
revision = 3
requires-python = "==3.11.*"

[[package]]
name = "backports-zstd"
version = "1.5.0"
source = { registry = "https://pypi.org/simple" }
sdist = { url = "https://files.pythonhosted.org/packages/d4/05/480d439b482edf59b786bc19b474d990c61942e372f5de3dc14acac8154d/backports_zstd-1.5.0.tar.gz", hash = "sha256:a5e622a82eb183b4fbe18032755ce0a15fa9a82f2adb9b621620b91247aaedb7", size = 998556, upload-time = "2026-05-11T19:54:24.923Z" }
wheels = [
    { url = "https://files.pythonhosted.org/packages/26/bc/083c0ebee316f4863ed288c4a5eaa1e98be115e82deb8855da8bab1c7701/backports_zstd-1.5.0-cp311-cp311-macosx_10_9_x86_64.whl", hash = "sha256:fbaa5502617dc4f04327c7a2951f0fcdca7aaef93ddf32c15dc8b620208174fa", size = 436838, upload-time = "2026-05-11T19:52:24.349Z" },
    { url = "https://files.pythonhosted.org/packages/cd/e5/bf778667fff6598dbd0791745123ed964aee94753ae8e4e92aa1e07417b6/backports_zstd-1.5.0-cp311-cp311-macosx_11_0_arm64.whl", hash = "sha256:204f00d62e95aab987c7c019452b2373bdefb17252443765f2ede7f15b6e669a", size = 363215, upload-time = "2026-05-11T19:52:25.887Z" },
    { url = "https://files.pythonhosted.org/packages/63/a5/4fae78734dbefcb4b5386137c807e2107c4bc94e85c0d9eaae79206dde84/backports_zstd-1.5.0-cp311-cp311-manylinux2010_i686.manylinux_2_12_i686.manylinux_2_28_i686.whl", hash = "sha256:2c77c0d4c330afd26d2a98f3d689ab922ec3f046014a1614ddcaad437666ac05", size = 507161, upload-time = "2026-05-11T19:52:27.48Z" },
    { url = "https://files.pythonhosted.org/packages/d8/ec/b64409f0cf56fb65181d6f5d9130058f19d5c3c9f8c581a5e2bd62642630/backports_zstd-1.5.0-cp311-cp311-manylinux2014_aarch64.manylinux_2_17_aarch64.manylinux_2_28_aarch64.whl", hash = "sha256:6bb2f2d2c07358edeaa251cf804b993e9f0d5d93af8a7ea2414d80ff3c105e95", size = 476728, upload-time = "2026-05-11T19:52:29.182Z" },
    { url = "https://files.pythonhosted.org/packages/4d/10/4c1693cb4e129585a6e4cb565106cad7347e61c43c8375b9e9cadb00eb06/backports_zstd-1.5.0-cp311-cp311-manylinux2014_ppc64le.manylinux_2_17_ppc64le.manylinux_2_28_ppc64le.whl", hash = "sha256:cb89f554abcebcb2c487024e63be8059083775c5fd351fec0cc2dc3e9f528714", size = 582388, upload-time = "2026-05-11T19:52:30.908Z" },
    { url = "https://files.pythonhosted.org/packages/45/b9/dc748a0e7d21ce2228241f6e8af96d297c80ab69c4c49429309b8fa3beb8/backports_zstd-1.5.0-cp311-cp311-manylinux2014_s390x.manylinux_2_17_s390x.manylinux_2_28_s390x.whl", hash = "sha256:ea969758af743000d822fc3a69dc9de059bbbb8d07d2f13e06ff49ac63cce74f", size = 642091, upload-time = "2026-05-11T19:52:32.397Z" },
    { url = "https://files.pythonhosted.org/packages/de/5f/02366ddae6e008d53df71605e4e3ca8dcea5d1dfcba29040b46883a23127/backports_zstd-1.5.0-cp311-cp311-manylinux2014_x86_64.manylinux_2_17_x86_64.manylinux_2_28_x86_64.whl", hash = "sha256:775ad82d268923639bc924013fc61561df376c148506b241f0f80718b5bb3a2f", size = 492256, upload-time = "2026-05-11T19:52:34.441Z" },
    { url = "https://files.pythonhosted.org/packages/c0/c7/c5e7824c17abc87dbb24c7c90dc43054d701533cf04d3531cb9b7105cdac/backports_zstd-1.5.0-cp311-cp311-manylinux_2_34_riscv64.manylinux_2_39_riscv64.whl", hash = "sha256:663128370bbc2ebcc436b8977bc434a7bf29919d92d91fee05ed6fb0fa807646", size = 566214, upload-time = "2026-05-11T19:52:35.962Z" },
    { url = "https://files.pythonhosted.org/packages/12/7b/ee7368c4ad8f5e00b3fd84fc566fb7714aa766c5672500793990e19efa00/backports_zstd-1.5.0-cp311-cp311-musllinux_1_2_aarch64.whl", hash = "sha256:572c76832e9a24da4084befa52c23f4c03fede2aa250ae6250cbc5a11b980f69", size = 482666, upload-time = "2026-05-11T19:52:37.675Z" },
    { url = "https://files.pythonhosted.org/packages/77/36/2826f9f04b6c91d5f707f49188ac6f5ec7487b36d73caedfa20db3307826/backports_zstd-1.5.0-cp311-cp311-musllinux_1_2_i686.whl", hash = "sha256:9410bcbcd3afd787a15a276d68f954d1703788c780faa421183a61d39da8b862", size = 510594, upload-time = "2026-05-11T19:52:39.501Z" },
    { url = "https://files.pythonhosted.org/packages/84/3b/95342baf0e301b7d06c6862389f8520a9d71f073a6c1a5b86182e7d89148/backports_zstd-1.5.0-cp311-cp311-musllinux_1_2_ppc64le.whl", hash = "sha256:0fab15e6895bef621041dd82d6306ffa24889257dd902c4b98b88e4260b3465d", size = 586713, upload-time = "2026-05-11T19:52:41.461Z" },
    { url = "https://files.pythonhosted.org/packages/bc/32/73d2b8f572960307406b084bb8932f4ebd9fcedb05d1502e04fecf25970a/backports_zstd-1.5.0-cp311-cp311-musllinux_1_2_riscv64.whl", hash = "sha256:2ffde637b6d0082f1c3356657002469cf199c7c12d50d9822a55b13425c778d3", size = 564037, upload-time = "2026-05-11T19:52:43.15Z" },
    { url = "https://files.pythonhosted.org/packages/8f/a4/6e319fa7fa5851c3ca9701cbded9522c16018432a01a33a95cc0fccb6b4a/backports_zstd-1.5.0-cp311-cp311-musllinux_1_2_s390x.whl", hash = "sha256:c01d377c1489cb2230bf6a9ff01c73c42863cc96ee648c49923d4f6d4ea4e2d5", size = 632626, upload-time = "2026-05-11T19:52:45.017Z" },
    { url = "https://files.pythonhosted.org/packages/67/5c/10df0444db05f9276b286d230a3d6948ad47c593fc22925b8fe551d34b26/backports_zstd-1.5.0-cp311-cp311-musllinux_1_2_x86_64.whl", hash = "sha256:4080bb9c8a51bb2bf8caf8018d78278cd49eb924cb06a54f56a411095e2ac912", size = 496270, upload-time = "2026-05-11T19:52:46.558Z" },
    { url = "https://files.pythonhosted.org/packages/f1/ad/6cd1de5cd858ac653833098f13a4643a4c9db484072350d3dbf299cc46f1/backports_zstd-1.5.0-cp311-cp311-win32.whl", hash = "sha256:9f4fe3fd82c8c6e8a9fdc5c71f92f9fe2442d02e7f59fddef25a955e189e3f38", size = 289754, upload-time = "2026-05-11T19:52:48.232Z" },
    { url = "https://files.pythonhosted.org/packages/1d/1b/df94ad1cb79705d717f7e1063da642c538a6d7ce6443c8e60355fa507ea4/backports_zstd-1.5.0-cp311-cp311-win_amd64.whl", hash = "sha256:e7c0372fa036751109604c70a8c87e59faaacc195d519c8cb9e0e527ee2b5478", size = 314829, upload-time = "2026-05-11T19:52:50.031Z" },
    { url = "https://files.pythonhosted.org/packages/e8/e7/24e60da7cc89b9ed1c5b474678e316dd0ddfe7cd1de39b23d04452ca5946/backports_zstd-1.5.0-cp311-cp311-win_arm64.whl", hash = "sha256:264a66137555bb4648f7e64cfc514d820758072684f373269fcdd2e8d4a90306", size = 291497, upload-time = "2026-05-11T19:52:51.729Z" },
    { url = "https://files.pythonhosted.org/packages/89/92/8e8769e1e3ebec16d39f455e317a0f137a191b1f122853d0377c660666ce/backports_zstd-1.5.0-pp311-pypy311_pp73-macosx_10_15_x86_64.whl", hash = "sha256:0ca2d4ac4901eada2cfb86fda692e5d4a1e09485d9f2ec5777dc6cd3154b3b46", size = 410809, upload-time = "2026-05-11T19:54:14.117Z" },
    { url = "https://files.pythonhosted.org/packages/63/5c/741a2923020c45b85cad4dffffcb86dbfa2d4aaed27f18ee793428ef4c24/backports_zstd-1.5.0-pp311-pypy311_pp73-macosx_11_0_arm64.whl", hash = "sha256:20796211a623ec6e0061cef4d7cca760e9e0a0a951bb30dc9ba89ed4a3fea5e4", size = 340342, upload-time = "2026-05-11T19:54:16.165Z" },
    { url = "https://files.pythonhosted.org/packages/c8/3b/68c4fe8a551d3f47ed75ddcf15dc7c777bb9d869fc0e0f5b7cacc9f158f5/backports_zstd-1.5.0-pp311-pypy311_pp73-manylinux2010_i686.manylinux_2_12_i686.manylinux_2_28_i686.whl", hash = "sha256:5232cd2a58c60da4ceb0e09e42dbc579b92dda4a9301a756af0c738223a23487", size = 421476, upload-time = "2026-05-11T19:54:17.709Z" },
    { url = "https://files.pythonhosted.org/packages/a8/4d/ab5dcd6ab9a7ac02ec42c4507211da7dadb9498abb655115c296077e2b8b/backports_zstd-1.5.0-pp311-pypy311_pp73-manylinux2014_aarch64.manylinux_2_17_aarch64.manylinux_2_28_aarch64.whl", hash = "sha256:012d88a9ae08f331e1adc03dfbda4ff2ae7f76ea62455975827b215677a11aec", size = 395020, upload-time = "2026-05-11T19:54:19.566Z" },
    { url = "https://files.pythonhosted.org/packages/55/aa/ec512a0d14552bbb4e75693f7065434b865956abd045ceb67f0574146241/backports_zstd-1.5.0-pp311-pypy311_pp73-manylinux2014_x86_64.manylinux_2_17_x86_64.manylinux_2_28_x86_64.whl", hash = "sha256:cbb7d79f8e43b6e0e17616961e425b9f8b32d9933e1db69242baa6e21f44a978", size = 414985, upload-time = "2026-05-11T19:54:21.136Z" },
    { url = "https://files.pythonhosted.org/packages/aa/31/759d077aa680555e17c9d2bb09edf4c3428d895fe5d35a8df67684401b84/backports_zstd-1.5.0-pp311-pypy311_pp73-win_amd64.whl", hash = "sha256:6172dcdd664ef243e55a35e6b45f1c866767c61043f0ddcd908abd14df662065", size = 300853, upload-time = "2026-05-11T19:54:23.1Z" },
]

[[package]]
name = "brotli"
version = "1.2.0"
source = { registry = "https://pypi.org/simple" }
sdist = { url = "https://files.pythonhosted.org/packages/f7/16/c92ca344d646e71a43b8bb353f0a6490d7f6e06210f8554c8f874e454285/brotli-1.2.0.tar.gz", hash = "sha256:e310f77e41941c13340a95976fe66a8a95b01e783d430eeaf7a2f87e0a57dd0a", size = 7388632, upload-time = "2025-11-05T18:39:42.86Z" }
wheels = [
    { url = "https://files.pythonhosted.org/packages/7a/ef/f285668811a9e1ddb47a18cb0b437d5fc2760d537a2fe8a57875ad6f8448/brotli-1.2.0-cp311-cp311-macosx_10_9_universal2.whl", hash = "sha256:15b33fe93cedc4caaff8a0bd1eb7e3dab1c61bb22a0bf5bdfdfd97cd7da79744", size = 863110, upload-time = "2025-11-05T18:38:12.978Z" },
    { url = "https://files.pythonhosted.org/packages/50/62/a3b77593587010c789a9d6eaa527c79e0848b7b860402cc64bc0bc28a86c/brotli-1.2.0-cp311-cp311-macosx_10_9_x86_64.whl", hash = "sha256:898be2be399c221d2671d29eed26b6b2713a02c2119168ed914e7d00ceadb56f", size = 445438, upload-time = "2025-11-05T18:38:14.208Z" },
    { url = "https://files.pythonhosted.org/packages/cd/e1/7fadd47f40ce5549dc44493877db40292277db373da5053aff181656e16e/brotli-1.2.0-cp311-cp311-manylinux2014_aarch64.manylinux_2_17_aarch64.manylinux_2_28_aarch64.whl", hash = "sha256:350c8348f0e76fff0a0fd6c26755d2653863279d086d3aa2c290a6a7251135dd", size = 1534420, upload-time = "2025-11-05T18:38:15.111Z" },
    { url = "https://files.pythonhosted.org/packages/12/8b/1ed2f64054a5a008a4ccd2f271dbba7a5fb1a3067a99f5ceadedd4c1d5a7/brotli-1.2.0-cp311-cp311-manylinux2014_ppc64le.manylinux_2_17_ppc64le.manylinux_2_28_ppc64le.whl", hash = "sha256:2e1ad3fda65ae0d93fec742a128d72e145c9c7a99ee2fcd667785d99eb25a7fe", size = 1632619, upload-time = "2025-11-05T18:38:16.094Z" },
    { url = "https://files.pythonhosted.org/packages/89/5a/7071a621eb2d052d64efd5da2ef55ecdac7c3b0c6e4f9d519e9c66d987ef/brotli-1.2.0-cp311-cp311-manylinux2014_x86_64.manylinux_2_17_x86_64.whl", hash = "sha256:40d918bce2b427a0c4ba189df7a006ac0c7277c180aee4617d99e9ccaaf59e6a", size = 1426014, upload-time = "2025-11-05T18:38:17.177Z" },
    { url = "https://files.pythonhosted.org/packages/26/6d/0971a8ea435af5156acaaccec1a505f981c9c80227633851f2810abd252a/brotli-1.2.0-cp311-cp311-musllinux_1_2_aarch64.whl", hash = "sha256:2a7f1d03727130fc875448b65b127a9ec5d06d19d0148e7554384229706f9d1b", size = 1489661, upload-time = "2025-11-05T18:38:18.41Z" },
    { url = "https://files.pythonhosted.org/packages/f3/75/c1baca8b4ec6c96a03ef8230fab2a785e35297632f402ebb1e78a1e39116/brotli-1.2.0-cp311-cp311-musllinux_1_2_ppc64le.whl", hash = "sha256:9c79f57faa25d97900bfb119480806d783fba83cd09ee0b33c17623935b05fa3", size = 1599150, upload-time = "2025-11-05T18:38:19.792Z" },
    { url = "https://files.pythonhosted.org/packages/0d/1a/23fcfee1c324fd48a63d7ebf4bac3a4115bdb1b00e600f80f727d850b1ae/brotli-1.2.0-cp311-cp311-musllinux_1_2_x86_64.whl", hash = "sha256:844a8ceb8483fefafc412f85c14f2aae2fb69567bf2a0de53cdb88b73e7c43ae", size = 1493505, upload-time = "2025-11-05T18:38:20.913Z" },
    { url = "https://files.pythonhosted.org/packages/36/e5/12904bbd36afeef53d45a84881a4810ae8810ad7e328a971ebbfd760a0b3/brotli-1.2.0-cp311-cp311-win32.whl", hash = "sha256:aa47441fa3026543513139cb8926a92a8e305ee9c71a6209ef7a97d91640ea03", size = 334451, upload-time = "2025-11-05T18:38:21.94Z" },
    { url = "https://files.pythonhosted.org/packages/02/8b/ecb5761b989629a4758c394b9301607a5880de61ee2ee5fe104b87149ebc/brotli-1.2.0-cp311-cp311-win_amd64.whl", hash = "sha256:022426c9e99fd65d9475dce5c195526f04bb8be8907607e27e747893f6ee3e24", size = 369035, upload-time = "2025-11-05T18:38:22.941Z" },
]

[[package]]
name = "brotlicffi"
version = "1.2.0.1"
source = { registry = "https://pypi.org/simple" }
dependencies = [
    { name = "cffi" },
]
sdist = { url = "https://files.pythonhosted.org/packages/8a/b6/017dc5f852ed9b8735af77774509271acbf1de02d238377667145fcee01d/brotlicffi-1.2.0.1.tar.gz", hash = "sha256:c20d5c596278307ad06414a6d95a892377ea274a5c6b790c2548c009385d621c", size = 478156, upload-time = "2026-03-05T19:54:11.547Z" }
wheels = [
    { url = "https://files.pythonhosted.org/packages/9a/9f/b98dcd4af47994cee97aebac866996a006a2e5fc1fd1e2b82a8ad95cf09c/brotlicffi-1.2.0.1-cp38-abi3-macosx_11_0_arm64.whl", hash = "sha256:91ba5f0ccc040f6ff8f7efaf839f797723d03ed46acb8ae9408f99ffd2572cf4", size = 432608, upload-time = "2026-03-05T19:53:56.736Z" },
    { url = "https://files.pythonhosted.org/packages/b1/7a/ac4ee56595a061e3718a6d1ea7e921f4df156894acffb28ed88a1fd52022/brotlicffi-1.2.0.1-cp38-abi3-manylinux2014_aarch64.manylinux_2_17_aarch64.manylinux_2_28_aarch64.whl", hash = "sha256:be9a670c6811af30a4bd42d7116dc5895d3b41beaa8ed8a89050447a0181f5ce", size = 1534257, upload-time = "2026-03-05T19:53:58.667Z" },
    { url = "https://files.pythonhosted.org/packages/99/39/e7410db7f6f56de57744ea52a115084ceb2735f4d44973f349bb92136586/brotlicffi-1.2.0.1-cp38-abi3-manylinux2014_x86_64.manylinux_2_17_x86_64.manylinux_2_28_x86_64.whl", hash = "sha256:6f3314a3476f59e5443f9f72a6dff16edc0c3463c9b318feaef04ae3e4683f5a", size = 1536838, upload-time = "2026-03-05T19:54:00.705Z" },
    { url = "https://files.pythonhosted.org/packages/a6/75/6e7977d1935fc3fbb201cbd619be8f2c7aea25d40a096967132854b34708/brotlicffi-1.2.0.1-cp38-abi3-win32.whl", hash = "sha256:82ea52e2b5d3145b6c406ebd3efb0d55db718b7ad996bd70c62cec0439de1187", size = 343337, upload-time = "2026-03-05T19:54:02.446Z" },
    { url = "https://files.pythonhosted.org/packages/d8/ef/e7e485ce5e4ba3843a0a92feb767c7b6098fd6e65ce752918074d175ae71/brotlicffi-1.2.0.1-cp38-abi3-win_amd64.whl", hash = "sha256:da2e82a08e7778b8bc539d27ca03cdd684113e81394bfaaad8d0dfc6a17ddede", size = 379026, upload-time = "2026-03-05T19:54:04.322Z" },
    { url = "https://files.pythonhosted.org/packages/7f/53/6262c2256513e6f530d81642477cb19367270922063eaa2d7b781d8c723d/brotlicffi-1.2.0.1-pp311-pypy311_pp73-macosx_11_0_arm64.whl", hash = "sha256:e015af99584c6db1490a69a210c765953e473e63adc2d891ac3062a737c9e851", size = 402265, upload-time = "2026-03-05T19:54:05.858Z" },
    { url = "https://files.pythonhosted.org/packages/1f/d9/d5340b43cf5fbe7fe5a083d237e5338cc1caa73bea523be1c5e452c26290/brotlicffi-1.2.0.1-pp311-pypy311_pp73-manylinux2014_aarch64.manylinux_2_17_aarch64.manylinux_2_28_aarch64.whl", hash = "sha256:37cb587d32bf7168e2218c455e22e409ad1f3157c6c71945879a311f3e6b6abf", size = 406710, upload-time = "2026-03-05T19:54:07.272Z" },
    { url = "https://files.pythonhosted.org/packages/a3/82/dbced4c1e0792efdf23fd90ff6d2a320c64ff4dfef7aacc85c04fde9ddd2/brotlicffi-1.2.0.1-pp311-pypy311_pp73-manylinux2014_x86_64.manylinux_2_17_x86_64.manylinux_2_28_x86_64.whl", hash = "sha256:9d6ba65dd528892b4d9960beba2ae011a753620bcfc66cf6fa3cee18d7b0baa4", size = 402787, upload-time = "2026-03-05T19:54:08.73Z" },
    { url = "https://files.pythonhosted.org/packages/ef/6f/534205ba7590c9a8716a614f270c5c2ec419b5b7079b3f9cd31b7b5580de/brotlicffi-1.2.0.1-pp311-pypy311_pp73-win_amd64.whl", hash = "sha256:f2a5575653b0672638ba039b82fda56854934d7a6a24d4b8b5033f73ab43cbc1", size = 375108, upload-time = "2026-03-05T19:54:10.079Z" },
]

[[package]]
name = "cffi"
version = "2.0.0"
source = { registry = "https://pypi.org/simple" }
dependencies = [
    { name = "pycparser", marker = "implementation_name != 'PyPy'" },
]
sdist = { url = "https://files.pythonhosted.org/packages/eb/56/b1ba7935a17738ae8453301356628e8147c79dbb825bcbc73dc7401f9846/cffi-2.0.0.tar.gz", hash = "sha256:44d1b5909021139fe36001ae048dbdde8214afa20200eda0f64c068cac5d5529", size = 523588, upload-time = "2025-09-08T23:24:04.541Z" }
wheels = [
    { url = "https://files.pythonhosted.org/packages/12/4a/3dfd5f7850cbf0d06dc84ba9aa00db766b52ca38d8b86e3a38314d52498c/cffi-2.0.0-cp311-cp311-macosx_10_13_x86_64.whl", hash = "sha256:b4c854ef3adc177950a8dfc81a86f5115d2abd545751a304c5bcf2c2c7283cfe", size = 184344, upload-time = "2025-09-08T23:22:26.456Z" },
    { url = "https://files.pythonhosted.org/packages/4f/8b/f0e4c441227ba756aafbe78f117485b25bb26b1c059d01f137fa6d14896b/cffi-2.0.0-cp311-cp311-macosx_11_0_arm64.whl", hash = "sha256:2de9a304e27f7596cd03d16f1b7c72219bd944e99cc52b84d0145aefb07cbd3c", size = 180560, upload-time = "2025-09-08T23:22:28.197Z" },
    { url = "https://files.pythonhosted.org/packages/b1/b7/1200d354378ef52ec227395d95c2576330fd22a869f7a70e88e1447eb234/cffi-2.0.0-cp311-cp311-manylinux1_i686.manylinux2014_i686.manylinux_2_17_i686.manylinux_2_5_i686.whl", hash = "sha256:baf5215e0ab74c16e2dd324e8ec067ef59e41125d3eade2b863d294fd5035c92", size = 209613, upload-time = "2025-09-08T23:22:29.475Z" },
    { url = "https://files.pythonhosted.org/packages/b8/56/6033f5e86e8cc9bb629f0077ba71679508bdf54a9a5e112a3c0b91870332/cffi-2.0.0-cp311-cp311-manylinux2014_aarch64.manylinux_2_17_aarch64.whl", hash = "sha256:730cacb21e1bdff3ce90babf007d0a0917cc3e6492f336c2f0134101e0944f93", size = 216476, upload-time = "2025-09-08T23:22:31.063Z" },
    { url = "https://files.pythonhosted.org/packages/dc/7f/55fecd70f7ece178db2f26128ec41430d8720f2d12ca97bf8f0a628207d5/cffi-2.0.0-cp311-cp311-manylinux2014_ppc64le.manylinux_2_17_ppc64le.whl", hash = "sha256:6824f87845e3396029f3820c206e459ccc91760e8fa24422f8b0c3d1731cbec5", size = 203374, upload-time = "2025-09-08T23:22:32.507Z" },
    { url = "https://files.pythonhosted.org/packages/84/ef/a7b77c8bdc0f77adc3b46888f1ad54be8f3b7821697a7b89126e829e676a/cffi-2.0.0-cp311-cp311-manylinux2014_s390x.manylinux_2_17_s390x.whl", hash = "sha256:9de40a7b0323d889cf8d23d1ef214f565ab154443c42737dfe52ff82cf857664", size = 202597, upload-time = "2025-09-08T23:22:34.132Z" },
    { url = "https://files.pythonhosted.org/packages/d7/91/500d892b2bf36529a75b77958edfcd5ad8e2ce4064ce2ecfeab2125d72d1/cffi-2.0.0-cp311-cp311-manylinux2014_x86_64.manylinux_2_17_x86_64.whl", hash = "sha256:8941aaadaf67246224cee8c3803777eed332a19d909b47e29c9842ef1e79ac26", size = 215574, upload-time = "2025-09-08T23:22:35.443Z" },
    { url = "https://files.pythonhosted.org/packages/44/64/58f6255b62b101093d5df22dcb752596066c7e89dd725e0afaed242a61be/cffi-2.0.0-cp311-cp311-musllinux_1_2_aarch64.whl", hash = "sha256:a05d0c237b3349096d3981b727493e22147f934b20f6f125a3eba8f994bec4a9", size = 218971, upload-time = "2025-09-08T23:22:36.805Z" },
    { url = "https://files.pythonhosted.org/packages/ab/49/fa72cebe2fd8a55fbe14956f9970fe8eb1ac59e5df042f603ef7c8ba0adc/cffi-2.0.0-cp311-cp311-musllinux_1_2_i686.whl", hash = "sha256:94698a9c5f91f9d138526b48fe26a199609544591f859c870d477351dc7b2414", size = 211972, upload-time = "2025-09-08T23:22:38.436Z" },
    { url = "https://files.pythonhosted.org/packages/0b/28/dd0967a76aab36731b6ebfe64dec4e981aff7e0608f60c2d46b46982607d/cffi-2.0.0-cp311-cp311-musllinux_1_2_x86_64.whl", hash = "sha256:5fed36fccc0612a53f1d4d9a816b50a36702c28a2aa880cb8a122b3466638743", size = 217078, upload-time = "2025-09-08T23:22:39.776Z" },
    { url = "https://files.pythonhosted.org/packages/2b/c0/015b25184413d7ab0a410775fdb4a50fca20f5589b5dab1dbbfa3baad8ce/cffi-2.0.0-cp311-cp311-win32.whl", hash = "sha256:c649e3a33450ec82378822b3dad03cc228b8f5963c0c12fc3b1e0ab940f768a5", size = 172076, upload-time = "2025-09-08T23:22:40.95Z" },
    { url = "https://files.pythonhosted.org/packages/ae/8f/dc5531155e7070361eb1b7e4c1a9d896d0cb21c49f807a6c03fd63fc877e/cffi-2.0.0-cp311-cp311-win_amd64.whl", hash = "sha256:66f011380d0e49ed280c789fbd08ff0d40968ee7b665575489afa95c98196ab5", size = 182820, upload-time = "2025-09-08T23:22:42.463Z" },
    { url = "https://files.pythonhosted.org/packages/95/5c/1b493356429f9aecfd56bc171285a4c4ac8697f76e9bbbbb105e537853a1/cffi-2.0.0-cp311-cp311-win_arm64.whl", hash = "sha256:c6638687455baf640e37344fe26d37c404db8b80d037c3d29f58fe8d1c3b194d", size = 177635, upload-time = "2025-09-08T23:22:43.623Z" },
]

[[package]]
name = "click"
version = "8.4.0"
source = { registry = "https://pypi.org/simple" }
dependencies = [
    { name = "colorama", marker = "sys_platform == 'win32'" },
]
sdist = { url = "https://files.pythonhosted.org/packages/23/e4/796662cd90cf80e3a363c99db2b88e0e394b988a575f60a17e16440cd011/click-8.4.0.tar.gz", hash = "sha256:638f1338fe1235c8f4e008e4a8a254fb5c5fbdcbb40ece3c9142ebb78e792973", size = 350843, upload-time = "2026-05-17T00:47:58.425Z" }
wheels = [
    { url = "https://files.pythonhosted.org/packages/ee/ae/8e92f8058baf87f6c7d86ee7e457668690195cc77efedb8d3797a06e3940/click-8.4.0-py3-none-any.whl", hash = "sha256:40c50b7c6c6adac2823d411041ec84f3f103f1b280d5e9ce0d7f998995832f81", size = 116147, upload-time = "2026-05-17T00:47:56.842Z" },
]

[[package]]
name = "colorama"
version = "0.4.6"
source = { registry = "https://pypi.org/simple" }
sdist = { url = "https://files.pythonhosted.org/packages/d8/53/6f443c9a4a8358a93a6792e2acffb9d9d5cb0a5cfd8802644b7b1c9a02e4/colorama-0.4.6.tar.gz", hash = "sha256:08695f5cb7ed6e0531a20572697297273c47b8cae5a63ffc6d6ed5c201be6e44", size = 27697, upload-time = "2022-10-25T02:36:22.414Z" }
wheels = [
    { url = "https://files.pythonhosted.org/packages/d1/d6/3965ed04c63042e047cb6a3e6ed1a63a35087b6a609aa3a15ed8ac56c221/colorama-0.4.6-py2.py3-none-any.whl", hash = "sha256:4f1d9991f5acc0ca119f9d443620b77f9d6b33703e51011c16baf57afb285fc6", size = 25335, upload-time = "2022-10-25T02:36:20.889Z" },
]

[[package]]
name = "dash"
version = "1.20.0"
source = { registry = "https://pypi.org/simple" }
dependencies = [
    { name = "dash-core-components" },
    { name = "dash-html-components" },
    { name = "dash-renderer" },
    { name = "dash-table" },
    { name = "flask" },
    { name = "flask-compress" },
    { name = "future" },
    { name = "plotly" },
]
sdist = { url = "https://files.pythonhosted.org/packages/d4/50/e7c2830168db186f84b7de2988543e974433a6cdb0a0b23d51c781e2b2ab/dash-1.20.0.tar.gz", hash = "sha256:127c16f71d3c8345dd29ab2aed099330aafd6d558734bec5bbcccadd0a7e6b29", size = 77633, upload-time = "2021-04-08T22:19:49.851Z" }

[[package]]
name = "dash-bootstrap-components"
version = "0.11.3"
source = { registry = "https://pypi.org/simple" }
dependencies = [
    { name = "dash" },
]
sdist = { url = "https://files.pythonhosted.org/packages/89/34/2aae8a13cbe804340c8b0cf47d0767457e89fb35436f6591828af922df8e/dash-bootstrap-components-0.11.3.tar.gz", hash = "sha256:3279208eb41503fbe3dc0c42cf92b2abd65c515223069fb6d4061cd205bba765", size = 117001, upload-time = "2021-02-13T15:03:49.253Z" }
wheels = [
    { url = "https://files.pythonhosted.org/packages/3a/1c/90161ed3491cef32b86dac8da297e01488bfcc84ae4acb6642076869c9ca/dash_bootstrap_components-0.11.3-py2.py3-none-any.whl", hash = "sha256:db7e7d5b1031073d088785295a56efdd515af14a9f485504b804af66a8098072", size = 189019, upload-time = "2021-02-13T15:03:47.456Z" },
]

[[package]]
name = "dash-core-components"
version = "1.16.0"
source = { registry = "https://pypi.org/simple" }
sdist = { url = "https://files.pythonhosted.org/packages/f4/79/434e14d77dbf82b27f98df077936a424de254059d47152b0445b7116e97e/dash_core_components-1.16.0.tar.gz", hash = "sha256:e8cdfaf3580577670bb2d1c3168efa06f5a7b439fbe5527cfaefa3e32394542f", size = 3491446, upload-time = "2021-04-08T20:41:19.764Z" }

[[package]]
name = "dash-html-components"
version = "1.1.3"
source = { registry = "https://pypi.org/simple" }
sdist = { url = "https://files.pythonhosted.org/packages/8f/ca/7eeca4cae4e15cc6f7d0bc41a46368dd3fcdddc72aaa5bac61a8b92d541c/dash_html_components-1.1.3.tar.gz", hash = "sha256:88adb77a674d5d7d0835d71c469f6e7b4aa692f9673808a474d244b71863c58a", size = 82423, upload-time = "2021-04-08T20:37:42.142Z" }

[[package]]
name = "dash-renderer"
version = "1.9.1"
source = { registry = "https://pypi.org/simple" }
sdist = { url = "https://files.pythonhosted.org/packages/5f/d3/d661a68b4ce71498d5c0c79617bce3d5fc884d4448c698f77c2247cd1b46/dash_renderer-1.9.1.tar.gz", hash = "sha256:73a69e3d145880e68e42723ad10182251d92b44f3efe92b8763145cfd2158e7e", size = 1006154, upload-time = "2021-04-08T17:04:18.933Z" }

[[package]]
name = "dash-table"
version = "4.11.3"
source = { registry = "https://pypi.org/simple" }
sdist = { url = "https://files.pythonhosted.org/packages/97/f7/f4969a926f20a55d3e5970d01b85ff9ad510dba32de189e72dd8f4992740/dash_table-4.11.3.tar.gz", hash = "sha256:0a4f22a5cf5120882a252a3348fc15ef45a1b75bf900934783e338aceac52f56", size = 1812112, upload-time = "2021-04-08T21:06:22.485Z" }

[[package]]
name = "flask"
version = "2.1.3"
source = { registry = "https://pypi.org/simple" }
dependencies = [
    { name = "click" },
    { name = "itsdangerous" },
    { name = "jinja2" },
    { name = "werkzeug" },
]
sdist = { url = "https://files.pythonhosted.org/packages/5b/77/3accd62b8771954e9584beb03f080385b32ddcad30009d2a4fe4068a05d9/Flask-2.1.3.tar.gz", hash = "sha256:15972e5017df0575c3d6c090ba168b6db90259e620ac8d7ea813a396bad5b6cb", size = 630206, upload-time = "2022-07-13T20:56:00.126Z" }
wheels = [
    { url = "https://files.pythonhosted.org/packages/af/6a/00d144ac1626fbb44c4ff36519712e258128985a5d0ae43344778ae5cbb9/Flask-2.1.3-py3-none-any.whl", hash = "sha256:9013281a7402ad527f8fd56375164f3aa021ecfaff89bfe3825346c24f87e04c", size = 95556, upload-time = "2022-07-13T20:55:57.512Z" },
]

[[package]]
name = "flask-caching"
version = "1.10.1"
source = { registry = "https://pypi.org/simple" }
dependencies = [
    { name = "flask" },
]
sdist = { url = "https://files.pythonhosted.org/packages/4f/20/4a17847f37b31f24ff20d9e2731f9a947c5ea4fc8a5e410dc44fd40ff6fc/Flask-Caching-1.10.1.tar.gz", hash = "sha256:cf19b722fcebc2ba03e4ae7c55b532ed53f0cbf683ce36fafe5e881789a01c00", size = 76850, upload-time = "2021-03-17T16:25:12.545Z" }
wheels = [
    { url = "https://files.pythonhosted.org/packages/bd/63/f8fe759cfe4fa8075f77581af5dad632cea8578881c843c679c103c34815/Flask_Caching-1.10.1-py3-none-any.whl", hash = "sha256:bcda8acbc7508e31e50f63e9b1ab83185b446f6b6318bd9dd1d45626fba2e903", size = 34778, upload-time = "2021-03-17T16:25:11.449Z" },
]

[[package]]
name = "flask-compress"
version = "1.24"
source = { registry = "https://pypi.org/simple" }
dependencies = [
    { name = "backports-zstd" },
    { name = "brotli", marker = "platform_python_implementation != 'PyPy'" },
    { name = "brotlicffi", marker = "platform_python_implementation == 'PyPy'" },
    { name = "flask" },
]
sdist = { url = "https://files.pythonhosted.org/packages/c2/de/2ae0118051b38ab53437328074a696f3ee7d61e15bf7454b78a3088e5bc3/flask_compress-1.24.tar.gz", hash = "sha256:14097cefe59ecb3e466d52a6aeb62f34f125a9f7dadf1f33a53e430ce4a50f31", size = 21089, upload-time = "2026-03-31T15:01:39.005Z" }
wheels = [
    { url = "https://files.pythonhosted.org/packages/4c/0f/fe51e0b2301bbd429af44273a923ff92127b18d13abba5ae5a1d60e8e497/flask_compress-1.24-py3-none-any.whl", hash = "sha256:1e63668eb6e3242bd4f6ad98825a924e3984409be90c125477893d586007d00c", size = 11033, upload-time = "2026-03-31T15:01:37.302Z" },
]

[[package]]
name = "future"
version = "1.0.0"
source = { registry = "https://pypi.org/simple" }
sdist = { url = "https://files.pythonhosted.org/packages/a7/b2/4140c69c6a66432916b26158687e821ba631a4c9273c474343badf84d3ba/future-1.0.0.tar.gz", hash = "sha256:bd2968309307861edae1458a4f8a4f3598c03be43b97521076aebf5d94c07b05", size = 1228490, upload-time = "2024-02-21T11:52:38.461Z" }
wheels = [
    { url = "https://files.pythonhosted.org/packages/da/71/ae30dadffc90b9006d77af76b393cb9dfbfc9629f339fc1574a1c52e6806/future-1.0.0-py3-none-any.whl", hash = "sha256:929292d34f5872e70396626ef385ec22355a1fae8ad29e1a734c3e43f9fbc216", size = 491326, upload-time = "2024-02-21T11:52:35.956Z" },
]

[[package]]
name = "gunicorn"
version = "20.1.0"
source = { registry = "https://pypi.org/simple" }
dependencies = [
    { name = "setuptools" },
]
sdist = { url = "https://files.pythonhosted.org/packages/28/5b/0d1f0296485a6af03366604142ea8f19f0833894db3512a40ed07b2a56dd/gunicorn-20.1.0.tar.gz", hash = "sha256:e0a968b5ba15f8a328fdfd7ab1fcb5af4470c28aaf7e55df02a99bc13138e6e8", size = 370601, upload-time = "2021-03-27T01:54:37.202Z" }
wheels = [
    { url = "https://files.pythonhosted.org/packages/e4/dd/5b190393e6066286773a67dfcc2f9492058e9b57c4867a95f1ba5caf0a83/gunicorn-20.1.0-py3-none-any.whl", hash = "sha256:9dcc4547dbb1cb284accfb15ab5667a0e5d1881cc443e0677b4882a4067a807e", size = 79531, upload-time = "2021-04-27T12:16:23.375Z" },
]

[[package]]
name = "itsdangerous"
version = "2.2.0"
source = { registry = "https://pypi.org/simple" }
sdist = { url = "https://files.pythonhosted.org/packages/9c/cb/8ac0172223afbccb63986cc25049b154ecfb5e85932587206f42317be31d/itsdangerous-2.2.0.tar.gz", hash = "sha256:e0050c0b7da1eea53ffaf149c0cfbb5c6e2e2b69c4bef22c81fa6eb73e5f6173", size = 54410, upload-time = "2024-04-16T21:28:15.614Z" }
wheels = [
    { url = "https://files.pythonhosted.org/packages/04/96/92447566d16df59b2a776c0fb82dbc4d9e07cd95062562af01e408583fc4/itsdangerous-2.2.0-py3-none-any.whl", hash = "sha256:c6242fc49e35958c8b15141343aa660db5fc54d4f13a1db01a3f5891b98700ef", size = 16234, upload-time = "2024-04-16T21:28:14.499Z" },
]

[[package]]
name = "jinja2"
version = "3.1.6"
source = { registry = "https://pypi.org/simple" }
dependencies = [
    { name = "markupsafe" },
]
sdist = { url = "https://files.pythonhosted.org/packages/df/bf/f7da0350254c0ed7c72f3e33cef02e048281fec7ecec5f032d4aac52226b/jinja2-3.1.6.tar.gz", hash = "sha256:0137fb05990d35f1275a587e9aee6d56da821fc83491a0fb838183be43f66d6d", size = 245115, upload-time = "2025-03-05T20:05:02.478Z" }
wheels = [
    { url = "https://files.pythonhosted.org/packages/62/a1/3d680cbfd5f4b8f15abc1d571870c5fc3e594bb582bc3b64ea099db13e56/jinja2-3.1.6-py3-none-any.whl", hash = "sha256:85ece4451f492d0c13c5dd7c13a64681a86afae63a5f347908daf103ce6d2f67", size = 134899, upload-time = "2025-03-05T20:05:00.369Z" },
]

[[package]]
name = "markupsafe"
version = "3.0.3"
source = { registry = "https://pypi.org/simple" }
sdist = { url = "https://files.pythonhosted.org/packages/7e/99/7690b6d4034fffd95959cbe0c02de8deb3098cc577c67bb6a24fe5d7caa7/markupsafe-3.0.3.tar.gz", hash = "sha256:722695808f4b6457b320fdc131280796bdceb04ab50fe1795cd540799ebe1698", size = 80313, upload-time = "2025-09-27T18:37:40.426Z" }
wheels = [
    { url = "https://files.pythonhosted.org/packages/08/db/fefacb2136439fc8dd20e797950e749aa1f4997ed584c62cfb8ef7c2be0e/markupsafe-3.0.3-cp311-cp311-macosx_10_9_x86_64.whl", hash = "sha256:1cc7ea17a6824959616c525620e387f6dd30fec8cb44f649e31712db02123dad", size = 11631, upload-time = "2025-09-27T18:36:18.185Z" },
    { url = "https://files.pythonhosted.org/packages/e1/2e/5898933336b61975ce9dc04decbc0a7f2fee78c30353c5efba7f2d6ff27a/markupsafe-3.0.3-cp311-cp311-macosx_11_0_arm64.whl", hash = "sha256:4bd4cd07944443f5a265608cc6aab442e4f74dff8088b0dfc8238647b8f6ae9a", size = 12058, upload-time = "2025-09-27T18:36:19.444Z" },
    { url = "https://files.pythonhosted.org/packages/1d/09/adf2df3699d87d1d8184038df46a9c80d78c0148492323f4693df54e17bb/markupsafe-3.0.3-cp311-cp311-manylinux2014_aarch64.manylinux_2_17_aarch64.manylinux_2_28_aarch64.whl", hash = "sha256:6b5420a1d9450023228968e7e6a9ce57f65d148ab56d2313fcd589eee96a7a50", size = 24287, upload-time = "2025-09-27T18:36:20.768Z" },
    { url = "https://files.pythonhosted.org/packages/30/ac/0273f6fcb5f42e314c6d8cd99effae6a5354604d461b8d392b5ec9530a54/markupsafe-3.0.3-cp311-cp311-manylinux2014_x86_64.manylinux_2_17_x86_64.manylinux_2_28_x86_64.whl", hash = "sha256:0bf2a864d67e76e5c9a34dc26ec616a66b9888e25e7b9460e1c76d3293bd9dbf", size = 22940, upload-time = "2025-09-27T18:36:22.249Z" },
    { url = "https://files.pythonhosted.org/packages/19/ae/31c1be199ef767124c042c6c3e904da327a2f7f0cd63a0337e1eca2967a8/markupsafe-3.0.3-cp311-cp311-manylinux_2_31_riscv64.manylinux_2_39_riscv64.whl", hash = "sha256:bc51efed119bc9cfdf792cdeaa4d67e8f6fcccab66ed4bfdd6bde3e59bfcbb2f", size = 21887, upload-time = "2025-09-27T18:36:23.535Z" },
    { url = "https://files.pythonhosted.org/packages/b2/76/7edcab99d5349a4532a459e1fe64f0b0467a3365056ae550d3bcf3f79e1e/markupsafe-3.0.3-cp311-cp311-musllinux_1_2_aarch64.whl", hash = "sha256:068f375c472b3e7acbe2d5318dea141359e6900156b5b2ba06a30b169086b91a", size = 23692, upload-time = "2025-09-27T18:36:24.823Z" },
    { url = "https://files.pythonhosted.org/packages/a4/28/6e74cdd26d7514849143d69f0bf2399f929c37dc2b31e6829fd2045b2765/markupsafe-3.0.3-cp311-cp311-musllinux_1_2_riscv64.whl", hash = "sha256:7be7b61bb172e1ed687f1754f8e7484f1c8019780f6f6b0786e76bb01c2ae115", size = 21471, upload-time = "2025-09-27T18:36:25.95Z" },
    { url = "https://files.pythonhosted.org/packages/62/7e/a145f36a5c2945673e590850a6f8014318d5577ed7e5920a4b3448e0865d/markupsafe-3.0.3-cp311-cp311-musllinux_1_2_x86_64.whl", hash = "sha256:f9e130248f4462aaa8e2552d547f36ddadbeaa573879158d721bbd33dfe4743a", size = 22923, upload-time = "2025-09-27T18:36:27.109Z" },
    { url = "https://files.pythonhosted.org/packages/0f/62/d9c46a7f5c9adbeeeda52f5b8d802e1094e9717705a645efc71b0913a0a8/markupsafe-3.0.3-cp311-cp311-win32.whl", hash = "sha256:0db14f5dafddbb6d9208827849fad01f1a2609380add406671a26386cdf15a19", size = 14572, upload-time = "2025-09-27T18:36:28.045Z" },
    { url = "https://files.pythonhosted.org/packages/83/8a/4414c03d3f891739326e1783338e48fb49781cc915b2e0ee052aa490d586/markupsafe-3.0.3-cp311-cp311-win_amd64.whl", hash = "sha256:de8a88e63464af587c950061a5e6a67d3632e36df62b986892331d4620a35c01", size = 15077, upload-time = "2025-09-27T18:36:29.025Z" },
    { url = "https://files.pythonhosted.org/packages/35/73/893072b42e6862f319b5207adc9ae06070f095b358655f077f69a35601f0/markupsafe-3.0.3-cp311-cp311-win_arm64.whl", hash = "sha256:3b562dd9e9ea93f13d53989d23a7e775fdfd1066c33494ff43f5418bc8c58a5c", size = 13876, upload-time = "2025-09-27T18:36:29.954Z" },
]

[[package]]
name = "numpy"
version = "1.26.4"
source = { registry = "https://pypi.org/simple" }
sdist = { url = "https://files.pythonhosted.org/packages/65/6e/09db70a523a96d25e115e71cc56a6f9031e7b8cd166c1ac8438307c14058/numpy-1.26.4.tar.gz", hash = "sha256:2a02aba9ed12e4ac4eb3ea9421c420301a0c6460d9830d74a9df87efa4912010", size = 15786129, upload-time = "2024-02-06T00:26:44.495Z" }
wheels = [
    { url = "https://files.pythonhosted.org/packages/11/57/baae43d14fe163fa0e4c47f307b6b2511ab8d7d30177c491960504252053/numpy-1.26.4-cp311-cp311-macosx_10_9_x86_64.whl", hash = "sha256:4c66707fabe114439db9068ee468c26bbdf909cac0fb58686a42a24de1760c71", size = 20630554, upload-time = "2024-02-05T23:51:50.149Z" },
    { url = "https://files.pythonhosted.org/packages/1a/2e/151484f49fd03944c4a3ad9c418ed193cfd02724e138ac8a9505d056c582/numpy-1.26.4-cp311-cp311-macosx_11_0_arm64.whl", hash = "sha256:edd8b5fe47dab091176d21bb6de568acdd906d1887a4584a15a9a96a1dca06ef", size = 13997127, upload-time = "2024-02-05T23:52:15.314Z" },
    { url = "https://files.pythonhosted.org/packages/79/ae/7e5b85136806f9dadf4878bf73cf223fe5c2636818ba3ab1c585d0403164/numpy-1.26.4-cp311-cp311-manylinux_2_17_aarch64.manylinux2014_aarch64.whl", hash = "sha256:7ab55401287bfec946ced39700c053796e7cc0e3acbef09993a9ad2adba6ca6e", size = 14222994, upload-time = "2024-02-05T23:52:47.569Z" },
    { url = "https://files.pythonhosted.org/packages/3a/d0/edc009c27b406c4f9cbc79274d6e46d634d139075492ad055e3d68445925/numpy-1.26.4-cp311-cp311-manylinux_2_17_x86_64.manylinux2014_x86_64.whl", hash = "sha256:666dbfb6ec68962c033a450943ded891bed2d54e6755e35e5835d63f4f6931d5", size = 18252005, upload-time = "2024-02-05T23:53:15.637Z" },
    { url = "https://files.pythonhosted.org/packages/09/bf/2b1aaf8f525f2923ff6cfcf134ae5e750e279ac65ebf386c75a0cf6da06a/numpy-1.26.4-cp311-cp311-musllinux_1_1_aarch64.whl", hash = "sha256:96ff0b2ad353d8f990b63294c8986f1ec3cb19d749234014f4e7eb0112ceba5a", size = 13885297, upload-time = "2024-02-05T23:53:42.16Z" },
    { url = "https://files.pythonhosted.org/packages/df/a0/4e0f14d847cfc2a633a1c8621d00724f3206cfeddeb66d35698c4e2cf3d2/numpy-1.26.4-cp311-cp311-musllinux_1_1_x86_64.whl", hash = "sha256:60dedbb91afcbfdc9bc0b1f3f402804070deed7392c23eb7a7f07fa857868e8a", size = 18093567, upload-time = "2024-02-05T23:54:11.696Z" },
    { url = "https://files.pythonhosted.org/packages/d2/b7/a734c733286e10a7f1a8ad1ae8c90f2d33bf604a96548e0a4a3a6739b468/numpy-1.26.4-cp311-cp311-win32.whl", hash = "sha256:1af303d6b2210eb850fcf03064d364652b7120803a0b872f5211f5234b399f20", size = 5968812, upload-time = "2024-02-05T23:54:26.453Z" },
    { url = "https://files.pythonhosted.org/packages/3f/6b/5610004206cf7f8e7ad91c5a85a8c71b2f2f8051a0c0c4d5916b76d6cbb2/numpy-1.26.4-cp311-cp311-win_amd64.whl", hash = "sha256:cd25bcecc4974d09257ffcd1f098ee778f7834c3ad767fe5db785be9a4aa9cb2", size = 15811913, upload-time = "2024-02-05T23:54:53.933Z" },
]

[[package]]
name = "packaging"
version = "26.2"
source = { registry = "https://pypi.org/simple" }
sdist = { url = "https://files.pythonhosted.org/packages/d7/f1/e7a6dd94a8d4a5626c03e4e99c87f241ba9e350cd9e6d75123f992427270/packaging-26.2.tar.gz", hash = "sha256:ff452ff5a3e828ce110190feff1178bb1f2ea2281fa2075aadb987c2fb221661", size = 228134, upload-time = "2026-04-24T20:15:23.917Z" }
wheels = [
    { url = "https://files.pythonhosted.org/packages/df/b2/87e62e8c3e2f4b32e5fe99e0b86d576da1312593b39f47d8ceef365e95ed/packaging-26.2-py3-none-any.whl", hash = "sha256:5fc45236b9446107ff2415ce77c807cee2862cb6fac22b8a73826d0693b0980e", size = 100195, upload-time = "2026-04-24T20:15:22.081Z" },
]

[[package]]
name = "plotly"
version = "5.24.1"
source = { registry = "https://pypi.org/simple" }
dependencies = [
    { name = "packaging" },
    { name = "tenacity" },
]
sdist = { url = "https://files.pythonhosted.org/packages/79/4f/428f6d959818d7425a94c190a6b26fbc58035cbef40bf249be0b62a9aedd/plotly-5.24.1.tar.gz", hash = "sha256:dbc8ac8339d248a4bcc36e08a5659bacfe1b079390b8953533f4eb22169b4bae", size = 9479398, upload-time = "2024-09-12T15:36:31.068Z" }
wheels = [
    { url = "https://files.pythonhosted.org/packages/e5/ae/580600f441f6fc05218bd6c9d5794f4aef072a7d9093b291f1c50a9db8bc/plotly-5.24.1-py3-none-any.whl", hash = "sha256:f67073a1e637eb0dc3e46324d9d51e2fe76e9727c892dde64ddf1e1b51f29089", size = 19054220, upload-time = "2024-09-12T15:36:24.08Z" },
]

[[package]]
name = "pycparser"
version = "3.0"
source = { registry = "https://pypi.org/simple" }
sdist = { url = "https://files.pythonhosted.org/packages/1b/7d/92392ff7815c21062bea51aa7b87d45576f649f16458d78b7cf94b9ab2e6/pycparser-3.0.tar.gz", hash = "sha256:600f49d217304a5902ac3c37e1281c9fe94e4d0489de643a9504c5cdfdfc6b29", size = 103492, upload-time = "2026-01-21T14:26:51.89Z" }
wheels = [
    { url = "https://files.pythonhosted.org/packages/0c/c3/44f3fbbfa403ea2a7c779186dc20772604442dde72947e7d01069cbe98e3/pycparser-3.0-py3-none-any.whl", hash = "sha256:b727414169a36b7d524c1c3e31839a521725078d7b2ff038656844266160a992", size = 48172, upload-time = "2026-01-21T14:26:50.693Z" },
]

[[package]]
name = "setuptools"
version = "69.5.1"
source = { registry = "https://pypi.org/simple" }
sdist = { url = "https://files.pythonhosted.org/packages/d6/4f/b10f707e14ef7de524fe1f8988a294fb262a29c9b5b12275c7e188864aed/setuptools-69.5.1.tar.gz", hash = "sha256:6c1fccdac05a97e598fb0ae3bbed5904ccb317337a51139dcd51453611bbb987", size = 2291314, upload-time = "2024-04-13T21:06:28.589Z" }
wheels = [
    { url = "https://files.pythonhosted.org/packages/f7/29/13965af254e3373bceae8fb9a0e6ea0d0e571171b80d6646932131d6439b/setuptools-69.5.1-py3-none-any.whl", hash = "sha256:c636ac361bc47580504644275c9ad802c50415c7522212252c033bd15f301f32", size = 894566, upload-time = "2024-04-13T21:06:23.256Z" },
]

[[package]]
name = "tenacity"
version = "9.1.4"
source = { registry = "https://pypi.org/simple" }
sdist = { url = "https://files.pythonhosted.org/packages/47/c6/ee486fd809e357697ee8a44d3d69222b344920433d3b6666ccd9b374630c/tenacity-9.1.4.tar.gz", hash = "sha256:adb31d4c263f2bd041081ab33b498309a57c77f9acf2db65aadf0898179cf93a", size = 49413, upload-time = "2026-02-07T10:45:33.841Z" }
wheels = [
    { url = "https://files.pythonhosted.org/packages/d7/c1/eb8f9debc45d3b7918a32ab756658a0904732f75e555402972246b0b8e71/tenacity-9.1.4-py3-none-any.whl", hash = "sha256:6095a360c919085f28c6527de529e76a06ad89b23659fa881ae0649b867a9d55", size = 28926, upload-time = "2026-02-07T10:45:32.24Z" },
]

[[package]]
name = "virus-mvp"
version = "0.1.0"
source = { virtual = "." }
dependencies = [
    { name = "dash" },
    { name = "dash-bootstrap-components" },
    { name = "flask-caching" },
    { name = "gunicorn" },
    { name = "numpy" },
    { name = "plotly" },
    { name = "werkzeug" },
]

[package.metadata]
requires-dist = [
    { name = "dash", specifier = ">=1.20.0" },
    { name = "dash-bootstrap-components", specifier = ">=0.11.3" },
    { name = "flask-caching", specifier = ">=1.10.1" },
    { name = "gunicorn", specifier = ">=20.1.0" },
    { name = "numpy", specifier = ">=1.26.4" },
    { name = "plotly", specifier = ">=5.24.1" },
    { name = "werkzeug", specifier = ">=2.0.2" },
]

[[package]]
name = "werkzeug"
version = "2.0.2"
source = { registry = "https://pypi.org/simple" }
sdist = { url = "https://files.pythonhosted.org/packages/83/3c/ecdb36f49ab06defb0d5a466cfeb4ae90a55d02cfef379f781da2801a45d/Werkzeug-2.0.2.tar.gz", hash = "sha256:aa2bb6fc8dee8d6c504c0ac1e7f5f7dc5810a9903e793b6f715a9f015bdadb9a", size = 895061, upload-time = "2021-10-06T00:27:12.986Z" }
wheels = [
    { url = "https://files.pythonhosted.org/packages/1e/73/51137805d1b8d97367a8a77cae4a792af14bb7ce58fbd071af294c740cf0/Werkzeug-2.0.2-py3-none-any.whl", hash = "sha256:63d3dc1cf60e7b7e35e97fa9861f7397283b75d765afcaefd993d6046899de8f", size = 288921, upload-time = "2021-10-06T00:27:10.617Z" },
]
